// !$*UTF8*$!
{
	archiveVersion = 1;
	classes = {
	};
	objectVersion = 46;
	objects = {

/* Begin PBXBuildFile section */
		BB24B11217A476D000C17477 /* Foundation.framework in Frameworks */ = {isa = PBXBuildFile; fileRef = BB24B11117A476D000C17477 /* Foundation.framework */; };
		BB24B11417A476D000C17477 /* CoreGraphics.framework in Frameworks */ = {isa = PBXBuildFile; fileRef = BB24B11317A476D000C17477 /* CoreGraphics.framework */; };
		BB24B11617A476D000C17477 /* UIKit.framework in Frameworks */ = {isa = PBXBuildFile; fileRef = BB24B11517A476D000C17477 /* UIKit.framework */; };
		BB24B11C17A476D000C17477 /* InfoPlist.strings in Resources */ = {isa = PBXBuildFile; fileRef = BB24B11A17A476D000C17477 /* InfoPlist.strings */; };
		BB24B11E17A476D000C17477 /* main.m in Sources */ = {isa = PBXBuildFile; fileRef = BB24B11D17A476D000C17477 /* main.m */; };
		BB24B12217A476D000C17477 /* AppDelegate.m in Sources */ = {isa = PBXBuildFile; fileRef = BB24B12117A476D000C17477 /* AppDelegate.m */; };
		BB24B12417A476D000C17477 /* Images.xcassets in Resources */ = {isa = PBXBuildFile; fileRef = BB24B12317A476D000C17477 /* Images.xcassets */; };
		BB24B12B17A476D000C17477 /* XCTest.framework in Frameworks */ = {isa = PBXBuildFile; fileRef = BB24B12A17A476D000C17477 /* XCTest.framework */; };
		BB24B12C17A476D000C17477 /* Foundation.framework in Frameworks */ = {isa = PBXBuildFile; fileRef = BB24B11117A476D000C17477 /* Foundation.framework */; };
		BB24B12D17A476D000C17477 /* UIKit.framework in Frameworks */ = {isa = PBXBuildFile; fileRef = BB24B11517A476D000C17477 /* UIKit.framework */; };
		BB24B13517A476D000C17477 /* InfoPlist.strings in Resources */ = {isa = PBXBuildFile; fileRef = BB24B13317A476D000C17477 /* InfoPlist.strings */; };
		BB24B13717A476D000C17477 /* TempConverterTests.m in Sources */ = {isa = PBXBuildFile; fileRef = BB24B13617A476D000C17477 /* TempConverterTests.m */; };
		BB24B14317A4837500C17477 /* ConverterViewController.m in Sources */ = {isa = PBXBuildFile; fileRef = BB24B14117A4837500C17477 /* ConverterViewController.m */; };
		BB24B14417A4837500C17477 /* ConverterViewController.xib in Resources */ = {isa = PBXBuildFile; fileRef = BB24B14217A4837500C17477 /* ConverterViewController.xib */; };
/* End PBXBuildFile section */

/* Begin PBXContainerItemProxy section */
		BB24B12E17A476D000C17477 /* PBXContainerItemProxy */ = {
			isa = PBXContainerItemProxy;
			containerPortal = BB24B10617A476D000C17477 /* Project object */;
			proxyType = 1;
			remoteGlobalIDString = BB24B10D17A476D000C17477;
			remoteInfo = TempConverter;
		};
/* End PBXContainerItemProxy section */

/* Begin PBXFileReference section */
		BB24B10E17A476D000C17477 /* TempConverter.app */ = {isa = PBXFileReference; explicitFileType = wrapper.application; includeInIndex = 0; path = TempConverter.app; sourceTree = BUILT_PRODUCTS_DIR; };
		BB24B11117A476D000C17477 /* Foundation.framework */ = {isa = PBXFileReference; lastKnownFileType = wrapper.framework; name = Foundation.framework; path = System/Library/Frameworks/Foundation.framework; sourceTree = SDKROOT; };
		BB24B11317A476D000C17477 /* CoreGraphics.framework */ = {isa = PBXFileReference; lastKnownFileType = wrapper.framework; name = CoreGraphics.framework; path = System/Library/Frameworks/CoreGraphics.framework; sourceTree = SDKROOT; };
		BB24B11517A476D000C17477 /* UIKit.framework */ = {isa = PBXFileReference; lastKnownFileType = wrapper.framework; name = UIKit.framework; path = System/Library/Frameworks/UIKit.framework; sourceTree = SDKROOT; };
		BB24B11917A476D000C17477 /* TempConverter-Info.plist */ = {isa = PBXFileReference; lastKnownFileType = text.plist.xml; path = "TempConverter-Info.plist"; sourceTree = "<group>"; };
		BB24B11B17A476D000C17477 /* en */ = {isa = PBXFileReference; lastKnownFileType = text.plist.strings; name = en; path = en.lproj/InfoPlist.strings; sourceTree = "<group>"; };
		BB24B11D17A476D000C17477 /* main.m */ = {isa = PBXFileReference; lastKnownFileType = sourcecode.c.objc; path = main.m; sourceTree = "<group>"; };
		BB24B11F17A476D000C17477 /* TempConverter-Prefix.pch */ = {isa = PBXFileReference; lastKnownFileType = sourcecode.c.h; path = "TempConverter-Prefix.pch"; sourceTree = "<group>"; };
		BB24B12017A476D000C17477 /* AppDelegate.h */ = {isa = PBXFileReference; lastKnownFileType = sourcecode.c.h; path = AppDelegate.h; sourceTree = "<group>"; };
		BB24B12117A476D000C17477 /* AppDelegate.m */ = {isa = PBXFileReference; lastKnownFileType = sourcecode.c.objc; path = AppDelegate.m; sourceTree = "<group>"; };
		BB24B12317A476D000C17477 /* Images.xcassets */ = {isa = PBXFileReference; lastKnownFileType = folder.assetcatalog; path = Images.xcassets; sourceTree = "<group>"; };
		BB24B12917A476D000C17477 /* TempConverterTests.xctest */ = {isa = PBXFileReference; explicitFileType = wrapper.cfbundle; includeInIndex = 0; path = TempConverterTests.xctest; sourceTree = BUILT_PRODUCTS_DIR; };
		BB24B12A17A476D000C17477 /* XCTest.framework */ = {isa = PBXFileReference; lastKnownFileType = wrapper.framework; name = XCTest.framework; path = Library/Frameworks/XCTest.framework; sourceTree = DEVELOPER_DIR; };
		BB24B13217A476D000C17477 /* TempConverterTests-Info.plist */ = {isa = PBXFileReference; lastKnownFileType = text.plist.xml; path = "TempConverterTests-Info.plist"; sourceTree = "<group>"; };
		BB24B13417A476D000C17477 /* en */ = {isa = PBXFileReference; lastKnownFileType = text.plist.strings; name = en; path = en.lproj/InfoPlist.strings; sourceTree = "<group>"; };
		BB24B13617A476D000C17477 /* TempConverterTests.m */ = {isa = PBXFileReference; lastKnownFileType = sourcecode.c.objc; path = TempConverterTests.m; sourceTree = "<group>"; };
		BB24B14017A4837500C17477 /* ConverterViewController.h */ = {isa = PBXFileReference; fileEncoding = 4; lastKnownFileType = sourcecode.c.h; path = ConverterViewController.h; sourceTree = "<group>"; };
		BB24B14117A4837500C17477 /* ConverterViewController.m */ = {isa = PBXFileReference; fileEncoding = 4; lastKnownFileType = sourcecode.c.objc; path = ConverterViewController.m; sourceTree = "<group>"; };
		BB24B14217A4837500C17477 /* ConverterViewController.xib */ = {isa = PBXFileReference; fileEncoding = 4; lastKnownFileType = file.xib; path = ConverterViewController.xib; sourceTree = "<group>"; };
/* End PBXFileReference section */

/* Begin PBXFrameworksBuildPhase section */
		BB24B10B17A476D000C17477 /* Frameworks */ = {
			isa = PBXFrameworksBuildPhase;
			buildActionMask = 2147483647;
			files = (
				BB24B11417A476D000C17477 /* CoreGraphics.framework in Frameworks */,
				BB24B11617A476D000C17477 /* UIKit.framework in Frameworks */,
				BB24B11217A476D000C17477 /* Foundation.framework in Frameworks */,
			);
			runOnlyForDeploymentPostprocessing = 0;
		};
		BB24B12617A476D000C17477 /* Frameworks */ = {
			isa = PBXFrameworksBuildPhase;
			buildActionMask = 2147483647;
			files = (
				BB24B12B17A476D000C17477 /* XCTest.framework in Frameworks */,
				BB24B12D17A476D000C17477 /* UIKit.framework in Frameworks */,
				BB24B12C17A476D000C17477 /* Foundation.framework in Frameworks */,
			);
			runOnlyForDeploymentPostprocessing = 0;
		};
/* End PBXFrameworksBuildPhase section */

/* Begin PBXGroup section */
		BB24B10517A476D000C17477 = {
			isa = PBXGroup;
			children = (
				BB24B11717A476D000C17477 /* TempConverter */,
				BB24B13017A476D000C17477 /* TempConverterTests */,
				BB24B11017A476D000C17477 /* Frameworks */,
				BB24B10F17A476D000C17477 /* Products */,
			);
			sourceTree = "<group>";
		};
		BB24B10F17A476D000C17477 /* Products */ = {
			isa = PBXGroup;
			children = (
				BB24B10E17A476D000C17477 /* TempConverter.app */,
				BB24B12917A476D000C17477 /* TempConverterTests.xctest */,
			);
			name = Products;
			sourceTree = "<group>";
		};
		BB24B11017A476D000C17477 /* Frameworks */ = {
			isa = PBXGroup;
			children = (
				BB24B11117A476D000C17477 /* Foundation.framework */,
				BB24B11317A476D000C17477 /* CoreGraphics.framework */,
				BB24B11517A476D000C17477 /* UIKit.framework */,
				BB24B12A17A476D000C17477 /* XCTest.framework */,
			);
			name = Frameworks;
			sourceTree = "<group>";
		};
		BB24B11717A476D000C17477 /* TempConverter */ = {
			isa = PBXGroup;
			children = (
				BB24B12017A476D000C17477 /* AppDelegate.h */,
				BB24B12117A476D000C17477 /* AppDelegate.m */,
				BB24B14017A4837500C17477 /* ConverterViewController.h */,
				BB24B14117A4837500C17477 /* ConverterViewController.m */,
				BB24B14217A4837500C17477 /* ConverterViewController.xib */,
				BB24B12317A476D000C17477 /* Images.xcassets */,
				BB24B11817A476D000C17477 /* Supporting Files */,
			);
			path = TempConverter;
			sourceTree = "<group>";
		};
		BB24B11817A476D000C17477 /* Supporting Files */ = {
			isa = PBXGroup;
			children = (
				BB24B11917A476D000C17477 /* TempConverter-Info.plist */,
				BB24B11A17A476D000C17477 /* InfoPlist.strings */,
				BB24B11D17A476D000C17477 /* main.m */,
				BB24B11F17A476D000C17477 /* TempConverter-Prefix.pch */,
			);
			name = "Supporting Files";
			sourceTree = "<group>";
		};
		BB24B13017A476D000C17477 /* TempConverterTests */ = {
			isa = PBXGroup;
			children = (
				BB24B13617A476D000C17477 /* TempConverterTests.m */,
				BB24B13117A476D000C17477 /* Supporting Files */,
			);
			path = TempConverterTests;
			sourceTree = "<group>";
		};
		BB24B13117A476D000C17477 /* Supporting Files */ = {
			isa = PBXGroup;
			children = (
				BB24B13217A476D000C17477 /* TempConverterTests-Info.plist */,
				BB24B13317A476D000C17477 /* InfoPlist.strings */,
			);
			name = "Supporting Files";
			sourceTree = "<group>";
		};
/* End PBXGroup section */

/* Begin PBXNativeTarget section */
		BB24B10D17A476D000C17477 /* TempConverter */ = {
			isa = PBXNativeTarget;
			buildConfigurationList = BB24B13A17A476D000C17477 /* Build configuration list for PBXNativeTarget "TempConverter" */;
			buildPhases = (
				BB24B10A17A476D000C17477 /* Sources */,
				BB24B10B17A476D000C17477 /* Frameworks */,
				BB24B10C17A476D000C17477 /* Resources */,
			);
			buildRules = (
			);
			dependencies = (
			);
			name = TempConverter;
			productName = TempConverter;
			productReference = BB24B10E17A476D000C17477 /* TempConverter.app */;
			productType = "com.apple.product-type.application";
		};
		BB24B12817A476D000C17477 /* TempConverterTests */ = {
			isa = PBXNativeTarget;
			buildConfigurationList = BB24B13D17A476D000C17477 /* Build configuration list for PBXNativeTarget "TempConverterTests" */;
			buildPhases = (
				BB24B12517A476D000C17477 /* Sources */,
				BB24B12617A476D000C17477 /* Frameworks */,
				BB24B12717A476D000C17477 /* Resources */,
			);
			buildRules = (
			);
			dependencies = (
				BB24B12F17A476D000C17477 /* PBXTargetDependency */,
			);
			name = TempConverterTests;
			productName = TempConverterTests;
			productReference = BB24B12917A476D000C17477 /* TempConverterTests.xctest */;
			productType = "com.apple.product-type.bundle.unit-test";
		};
/* End PBXNativeTarget section */

/* Begin PBXProject section */
		BB24B10617A476D000C17477 /* Project object */ = {
			isa = PBXProject;
			attributes = {
				LastUpgradeCheck = 0500;
				ORGANIZATIONNAME = "Nirmal Thangaraj";
				TargetAttributes = {
					BB24B12817A476D000C17477 = {
						TestTargetID = BB24B10D17A476D000C17477;
					};
				};
			};
			buildConfigurationList = BB24B10917A476D000C17477 /* Build configuration list for PBXProject "TempConverter" */;
			compatibilityVersion = "Xcode 3.2";
			developmentRegion = English;
			hasScannedForEncodings = 0;
			knownRegions = (
				en,
			);
			mainGroup = BB24B10517A476D000C17477;
			productRefGroup = BB24B10F17A476D000C17477 /* Products */;
			projectDirPath = "";
			projectRoot = "";
			targets = (
				BB24B10D17A476D000C17477 /* TempConverter */,
				BB24B12817A476D000C17477 /* TempConverterTests */,
			);
		};
/* End PBXProject section */

/* Begin PBXResourcesBuildPhase section */
		BB24B10C17A476D000C17477 /* Resources */ = {
			isa = PBXResourcesBuildPhase;
			buildActionMask = 2147483647;
			files = (
				BB24B11C17A476D000C17477 /* InfoPlist.strings in Resources */,
				BB24B14417A4837500C17477 /* ConverterViewController.xib in Resources */,
				BB24B12417A476D000C17477 /* Images.xcassets in Resources */,
			);
			runOnlyForDeploymentPostprocessing = 0;
		};
		BB24B12717A476D000C17477 /* Resources */ = {
			isa = PBXResourcesBuildPhase;
			buildActionMask = 2147483647;
			files = (
				BB24B13517A476D000C17477 /* InfoPlist.strings in Resources */,
			);
			runOnlyForDeploymentPostprocessing = 0;
		};
/* End PBXResourcesBuildPhase section */

/* Begin PBXSourcesBuildPhase section */
		BB24B10A17A476D000C17477 /* Sources */ = {
			isa = PBXSourcesBuildPhase;
			buildActionMask = 2147483647;
			files = (
				BB24B14317A4837500C17477 /* ConverterViewController.m in Sources */,
				BB24B12217A476D000C17477 /* AppDelegate.m in Sources */,
				BB24B11E17A476D000C17477 /* main.m in Sources */,
			);
			runOnlyForDeploymentPostprocessing = 0;
		};
		BB24B12517A476D000C17477 /* Sources */ = {
			isa = PBXSourcesBuildPhase;
			buildActionMask = 2147483647;
			files = (
				BB24B13717A476D000C17477 /* TempConverterTests.m in Sources */,
			);
			runOnlyForDeploymentPostprocessing = 0;
		};
/* End PBXSourcesBuildPhase section */

/* Begin PBXTargetDependency section */
		BB24B12F17A476D000C17477 /* PBXTargetDependency */ = {
			isa = PBXTargetDependency;
			target = BB24B10D17A476D000C17477 /* TempConverter */;
			targetProxy = BB24B12E17A476D000C17477 /* PBXContainerItemProxy */;
		};
/* End PBXTargetDependency section */

/* Begin PBXVariantGroup section */
		BB24B11A17A476D000C17477 /* InfoPlist.strings */ = {
			isa = PBXVariantGroup;
			children = (
				BB24B11B17A476D000C17477 /* en */,
			);
			name = InfoPlist.strings;
			sourceTree = "<group>";
		};
		BB24B13317A476D000C17477 /* InfoPlist.strings */ = {
			isa = PBXVariantGroup;
			children = (
				BB24B13417A476D000C17477 /* en */,
			);
			name = InfoPlist.strings;
			sourceTree = "<group>";
		};
/* End PBXVariantGroup section */

/* Begin XCBuildConfiguration section */
		BB24B13817A476D000C17477 /* Debug */ = {
			isa = XCBuildConfiguration;
			buildSettings = {
				ALWAYS_SEARCH_USER_PATHS = NO;
				CLANG_CXX_LANGUAGE_STANDARD = "gnu++0x";
				CLANG_CXX_LIBRARY = "libc++";
				CLANG_ENABLE_MODULES = YES;
				CLANG_ENABLE_OBJC_ARC = YES;
				CLANG_WARN_BOOL_CONVERSION = YES;
				CLANG_WARN_CONSTANT_CONVERSION = YES;
				CLANG_WARN_DIRECT_OBJC_ISA_USAGE = YES_ERROR;
				CLANG_WARN_EMPTY_BODY = YES;
				CLANG_WARN_ENUM_CONVERSION = YES;
				CLANG_WARN_INT_CONVERSION = YES;
				CLANG_WARN_OBJC_ROOT_CLASS = YES_ERROR;
				CLANG_WARN__DUPLICATE_METHOD_MATCH = YES;
				"CODE_SIGN_IDENTITY[sdk=iphoneos*]" = "iPhone Developer";
				COPY_PHASE_STRIP = NO;
				GCC_C_LANGUAGE_STANDARD = gnu99;
				GCC_DYNAMIC_NO_PIC = NO;
				GCC_OPTIMIZATION_LEVEL = 0;
				GCC_PREPROCESSOR_DEFINITIONS = (
					"DEBUG=1",
					"$(inherited)",
				);
				GCC_SYMBOLS_PRIVATE_EXTERN = NO;
				GCC_WARN_ABOUT_RETURN_TYPE = YES_ERROR;
				GCC_WARN_UNDECLARED_SELECTOR = YES;
				GCC_WARN_UNINITIALIZED_AUTOS = YES;
				GCC_WARN_UNUSED_FUNCTION = YES;
				GCC_WARN_UNUSED_VARIABLE = YES;
				IPHONEOS_DEPLOYMENT_TARGET = 7.0;
				ONLY_ACTIVE_ARCH = YES;
				SDKROOT = iphoneos;
			};
			name = Debug;
		};
		BB24B13917A476D000C17477 /* Release */ = {
			isa = XCBuildConfiguration;
			buildSettings = {
				ALWAYS_SEARCH_USER_PATHS = NO;
				CLANG_CXX_LANGUAGE_STANDARD = "gnu++0x";
				CLANG_CXX_LIBRARY = "libc++";
				CLANG_ENABLE_MODULES = YES;
				CLANG_ENABLE_OBJC_ARC = YES;
				CLANG_WARN_BOOL_CONVERSION = YES;
				CLANG_WARN_CONSTANT_CONVERSION = YES;
				CLANG_WARN_DIRECT_OBJC_ISA_USAGE = YES_ERROR;
				CLANG_WARN_EMPTY_BODY = YES;
				CLANG_WARN_ENUM_CONVERSION = YES;
				CLANG_WARN_INT_CONVERSION = YES;
				CLANG_WARN_OBJC_ROOT_CLASS = YES_ERROR;
				CLANG_WARN__DUPLICATE_METHOD_MATCH = YES;
				"CODE_SIGN_IDENTITY[sdk=iphoneos*]" = "iPhone Developer";
				COPY_PHASE_STRIP = YES;
				ENABLE_NS_ASSERTIONS = NO;
				GCC_C_LANGUAGE_STANDARD = gnu99;
				GCC_WARN_ABOUT_RETURN_TYPE = YES_ERROR;
				GCC_WARN_UNDECLARED_SELECTOR = YES;
				GCC_WARN_UNINITIALIZED_AUTOS = YES;
				GCC_WARN_UNUSED_FUNCTION = YES;
				GCC_WARN_UNUSED_VARIABLE = YES;
				IPHONEOS_DEPLOYMENT_TARGET = 7.0;
				SDKROOT = iphoneos;
				VALIDATE_PRODUCT = YES;
			};
			name = Release;
		};
		BB24B13B17A476D000C17477 /* Debug */ = {
			isa = XCBuildConfiguration;
			buildSettings = {
				ASSETCATALOG_COMPILER_APPICON_NAME = AppIcon;
				ASSETCATALOG_COMPILER_LAUNCHIMAGE_NAME = LaunchImage;
				GCC_PRECOMPILE_PREFIX_HEADER = YES;
				GCC_PREFIX_HEADER = "TempConverter/TempConverter-Prefix.pch";
				INFOPLIST_FILE = "TempConverter/TempConverter-Info.plist";
				PRODUCT_NAME = "$(TARGET_NAME)";
				WRAPPER_EXTENSION = app;
			};
			name = Debug;
		};
		BB24B13C17A476D000C17477 /* Release */ = {
			isa = XCBuildConfiguration;
			buildSettings = {
				ASSETCATALOG_COMPILER_APPICON_NAME = AppIcon;
				ASSETCATALOG_COMPILER_LAUNCHIMAGE_NAME = LaunchImage;
				GCC_PRECOMPILE_PREFIX_HEADER = YES;
				GCC_PREFIX_HEADER = "TempConverter/TempConverter-Prefix.pch";
				INFOPLIST_FILE = "TempConverter/TempConverter-Info.plist";
				PRODUCT_NAME = "$(TARGET_NAME)";
				WRAPPER_EXTENSION = app;
			};
			name = Release;
		};
		BB24B13E17A476D000C17477 /* Debug */ = {
			isa = XCBuildConfiguration;
			buildSettings = {
				BUNDLE_LOADER = "$(BUILT_PRODUCTS_DIR)/TempConverter.app/TempConverter";
				FRAMEWORK_SEARCH_PATHS = (
					"$(SDKROOT)/Developer/Library/Frameworks",
					"$(inherited)",
					"$(SYSTEM_APPS_DIR)/Xcode5-DP3.app/Contents/Developer/Library/Frameworks",
				);
				GCC_PRECOMPILE_PREFIX_HEADER = YES;
				GCC_PREFIX_HEADER = "TempConverter/TempConverter-Prefix.pch";
				GCC_PREPROCESSOR_DEFINITIONS = (
					"DEBUG=1",
					"$(inherited)",
				);
				INFOPLIST_FILE = "TempConverterTests/TempConverterTests-Info.plist";
				PRODUCT_NAME = "$(TARGET_NAME)";
				TEST_HOST = "$(BUNDLE_LOADER)";
				WRAPPER_EXTENSION = xctest;
			};
			name = Debug;
		};
		BB24B13F17A476D000C17477 /* Release */ = {
			isa = XCBuildConfiguration;
			buildSettings = {
				BUNDLE_LOADER = "$(BUILT_PRODUCTS_DIR)/TempConverter.app/TempConverter";
				FRAMEWORK_SEARCH_PATHS = (
					"$(SDKROOT)/Developer/Library/Frameworks",
					"$(inherited)",
					"$(SYSTEM_APPS_DIR)/Xcode5-DP3.app/Contents/Developer/Library/Frameworks",
				);
				GCC_PRECOMPILE_PREFIX_HEADER = YES;
				GCC_PREFIX_HEADER = "TempConverter/TempConverter-Prefix.pch";
				INFOPLIST_FILE = "TempConverterTests/TempConverterTests-Info.plist";
				PRODUCT_NAME = "$(TARGET_NAME)";
				TEST_HOST = "$(BUNDLE_LOADER)";
				WRAPPER_EXTENSION = xctest;
			};
			name = Release;
		};
/* End XCBuildConfiguration section */

/* Begin XCConfigurationList section */
		BB24B10917A476D000C17477 /* Build configuration list for PBXProject "TempConverter" */ = {
			isa = XCConfigurationList;
			buildConfigurations = (
				BB24B13817A476D000C17477 /* Debug */,
				BB24B13917A476D000C17477 /* Release */,
			);
			defaultConfigurationIsVisible = 0;
			defaultConfigurationName = Release;
		};
		BB24B13A17A476D000C17477 /* Build configuration list for PBXNativeTarget "TempConverter" */ = {
			isa = XCConfigurationList;
			buildConfigurations = (
				BB24B13B17A476D000C17477 /* Debug */,
				BB24B13C17A476D000C17477 /* Release */,
			);
			defaultConfigurationIsVisible = 0;
		};
		BB24B13D17A476D000C17477 /* Build configuration list for PBXNativeTarget "TempConverterTests" */ = {
			isa = XCConfigurationList;
			buildConfigurations = (
				BB24B13E17A476D000C17477 /* Debug */,
				BB24B13F17A476D000C17477 /* Release */,
			);
			defaultConfigurationIsVisible = 0;
		};
/* End XCConfigurationList section */
	};
	rootObject = BB24B10617A476D000C17477 /* Project object */;
}
